
Microsoft Visual Studio Solution File, Format Version 12.00
# Visual Studio Version 16
VisualStudioVersion = 16.0.31205.134
MinimumVisualStudioVersion = 10.0.40219.1
Project("{8BC9CEB8-8B4A-11D0-8D11-00A0C91BC942}") = "ext_proto_sample_udp", "udp_sample.vcxproj", "{785FDE24-8D04-4662-9B9C-8E9C123486B3}"
EndProject
Global
	GlobalSection(SolutionConfigurationPlatforms) = preSolution
		Debug|x64 = Debug|x64
		Debug|x86 = Debug|x86
		Release|x64 = Release|x64
		Release|x86 = Release|x86
	EndGlobalSection
	GlobalSection(ProjectConfigurationPlatforms) = postSolution
		{785FDE24-8D04-4662-9B9C-8E9C123486B3}.Debug|x64.ActiveCfg = Debug|x64
		{785FDE24-8D04-4662-9B9C-8E9C123486B3}.Debug|x64.Build.0 = Debug|x64
		{785FDE24-8D04-4662-9B9C-8E9C123486B3}.Debug|x86.ActiveCfg = Debug|Win32
		{785FDE24-8D04-4662-9B9C-8E9C123486B3}.Debug|x86.Build.0 = Debug|Win32
		{785FDE24-8D04-4662-9B9C-8E9C123486B3}.Release|x64.ActiveCfg = Release|x64
		{785FDE24-8D04-4662-9B9C-8E9C123486B3}.Release|x64.Build.0 = Release|x64
		{785FDE24-8D04-4662-9B9C-8E9C123486B3}.Release|x86.ActiveCfg = Release|Win32
		{785FDE24-8D04-4662-9B9C-8E9C123486B3}.Release|x86.Build.0 = Release|Win32
	EndGlobalSection
	GlobalSection(SolutionProperties) = preSolution
		HideSolutionNode = FALSE
	EndGlobalSection
	GlobalSection(ExtensibilityGlobals) = postSolution
		SolutionGuid = {1A33D465-F2B3-4466-8F14-342F88C5CED5}
	EndGlobalSection
EndGlobal
